
Microsoft Visual Studio Solution File, Format Version 12.00
# Visual Studio Version 16
VisualStudioVersion = 16.0.31729.503
MinimumVisualStudioVersion = 10.0.40219.1
Project("{FAE04EC0-301F-11D3-BF4B-00C04F79EFBC}") = "Builder", "Builder\Builder.csproj", "{878D5731-5DFD-4201-AE74-7DB74B7834B4}"
EndProject
Global
	GlobalSection(SolutionConfigurationPlatforms) = preSolution
		Debug|Any CPU = Debug|Any CPU
		Release|Any CPU = Release|Any CPU
	EndGlobalSection
	GlobalSection(ProjectConfigurationPlatforms) = postSolution
		{878D5731-5DFD-4201-AE74-7DB74B7834B4}.Debug|Any CPU.ActiveCfg = Debug|Any CPU
		{878D5731-5DFD-4201-AE74-7DB74B7834B4}.Debug|Any CPU.Build.0 = Debug|Any CPU
		{878D5731-5DFD-4201-AE74-7DB74B7834B4}.Release|Any CPU.ActiveCfg = Release|Any CPU
		{878D5731-5DFD-4201-AE74-7DB74B7834B4}.Release|Any CPU.Build.0 = Release|Any CPU
	EndGlobalSection
	GlobalSection(SolutionProperties) = preSolution
		HideSolutionNode = FALSE
	EndGlobalSection
	GlobalSection(ExtensibilityGlobals) = postSolution
		SolutionGuid = {37B655DC-C0EA-4172-A8D0-F2E1C7C25AF0}
	EndGlobalSection
EndGlobal
